
Microsoft Visual Studio Solution File, Format Version 12.00
# Visual Studio Version 16
VisualStudioVersion = 16.0.31129.286
MinimumVisualStudioVersion = 10.0.40219.1
Project("{FAE04EC0-301F-11D3-BF4B-00C04F79EFBC}") = "PaymentAPI", "PaymentAPI\PaymentAPI.csproj", "{2C7DA2F2-1FE8-46E3-997F-288571A93498}"
EndProject
Global
	GlobalSection(SolutionConfigurationPlatforms) = preSolution
		Debug|Any CPU = Debug|Any CPU
		Release|Any CPU = Release|Any CPU
	EndGlobalSection
	GlobalSection(ProjectConfigurationPlatforms) = postSolution
		{2C7DA2F2-1FE8-46E3-997F-288571A93498}.Debug|Any CPU.ActiveCfg = Debug|Any CPU
		{2C7DA2F2-1FE8-46E3-997F-288571A93498}.Debug|Any CPU.Build.0 = Debug|Any CPU
		{2C7DA2F2-1FE8-46E3-997F-288571A93498}.Release|Any CPU.ActiveCfg = Release|Any CPU
		{2C7DA2F2-1FE8-46E3-997F-288571A93498}.Release|Any CPU.Build.0 = Release|Any CPU
	EndGlobalSection
	GlobalSection(SolutionProperties) = preSolution
		HideSolutionNode = FALSE
	EndGlobalSection
	GlobalSection(ExtensibilityGlobals) = postSolution
		SolutionGuid = {BCA39F6D-B8AD-4D0B-B874-BD450C33326C}
	EndGlobalSection
EndGlobal
